# fpr.lock -- generated by `qos.py lock`; do not edit by hand.
# Every `use "spec#hash"` pin in the fp-risc tree, resolved to its
# committed version (.fpr/versions.db) and content blob (.fpr/store).
# spec  version  hash  pinned-by
svc v1.3 98bba41cabd0ee7c programs/mods/qlog.fpr
coreutil v1.0 e40b6ecf8391aada programs/mods/qlog.fpr
uart v2.0 0fe2ebd63a9638fe programs/mods/svc.fpr
timer v1.0 7a68b33b8a0de04e programs/mods/svc.fpr
mods/timefmt v1.0 39dff276efd647a1 programs/system.fpr
mods/qlog v2.0 71c5cbf3387af767 programs/system.fpr
mods/tui v1.0 28388960a8f6aa26 programs/system.fpr
